{
  "name": "sites-reader",
  "version": "1.0.0",
  "lockfileVersion": 1,
  "requires": true,
  "dependencies": {
    "dom-parser": {
      "version": "0.1.5",
      "resolved": "https://registry.npmjs.org/dom-parser/-/dom-parser-0.1.5.tgz",
      "integrity": "sha1-pPYBn5oxW3XXQoqqfMv1vYWeFvs="
    },
    "typescript": {
      "version": "3.1.6",
      "resolved": "https://registry.npmjs.org/typescript/-/typescript-3.1.6.tgz",
      "integrity": "sha512-tDMYfVtvpb96msS1lDX9MEdHrW4yOuZ4Kdc4Him9oU796XldPYF/t2+uKoX0BBa0hXXwDlqYQbXY5Rzjzc5hBA=="
    }
  }
}
